
Microsoft Visual Studio Solution File, Format Version 12.00
# Visual Studio Version 17
VisualStudioVersion = 17.8.34330.188
MinimumVisualStudioVersion = 10.0.40219.1
Project("{FAE04EC0-301F-11D3-BF4B-00C04F79EFBC}") = "InstagramPost", "InstagramPost\InstagramPost.csproj", "{8ADD5034-06D1-40AE-9154-CD453FF95175}"
EndProject
Global
	GlobalSection(SolutionConfigurationPlatforms) = preSolution
		Debug|Any CPU = Debug|Any CPU
		Release|Any CPU = Release|Any CPU
	EndGlobalSection
	GlobalSection(ProjectConfigurationPlatforms) = postSolution
		{8ADD5034-06D1-40AE-9154-CD453FF95175}.Debug|Any CPU.ActiveCfg = Debug|Any CPU
		{8ADD5034-06D1-40AE-9154-CD453FF95175}.Debug|Any CPU.Build.0 = Debug|Any CPU
		{8ADD5034-06D1-40AE-9154-CD453FF95175}.Release|Any CPU.ActiveCfg = Release|Any CPU
		{8ADD5034-06D1-40AE-9154-CD453FF95175}.Release|Any CPU.Build.0 = Release|Any CPU
	EndGlobalSection
	GlobalSection(SolutionProperties) = preSolution
		HideSolutionNode = FALSE
	EndGlobalSection
	GlobalSection(ExtensibilityGlobals) = postSolution
		SolutionGuid = {54A6C5A9-7F62-4F4C-946C-71FE78F4A4D2}
	EndGlobalSection
EndGlobal
